
Microsoft Visual Studio Solution File, Format Version 12.00
# Visual Studio Version 16
VisualStudioVersion = 16.0.28803.916
MinimumVisualStudioVersion = 10.0.40219.1
Project("{FAE04EC0-301F-11D3-BF4B-00C04F79EFBC}") = "pruebaDeveloper", "pruebaDeveloper\pruebaDeveloper.csproj", "{62630BDB-F73D-444A-B188-10AFFAF4F773}"
EndProject
Global
	GlobalSection(SolutionConfigurationPlatforms) = preSolution
		Debug|Any CPU = Debug|Any CPU
		Release|Any CPU = Release|Any CPU
	EndGlobalSection
	GlobalSection(ProjectConfigurationPlatforms) = postSolution
		{62630BDB-F73D-444A-B188-10AFFAF4F773}.Debug|Any CPU.ActiveCfg = Debug|Any CPU
		{62630BDB-F73D-444A-B188-10AFFAF4F773}.Debug|Any CPU.Build.0 = Debug|Any CPU
		{62630BDB-F73D-444A-B188-10AFFAF4F773}.Release|Any CPU.ActiveCfg = Release|Any CPU
		{62630BDB-F73D-444A-B188-10AFFAF4F773}.Release|Any CPU.Build.0 = Release|Any CPU
	EndGlobalSection
	GlobalSection(SolutionProperties) = preSolution
		HideSolutionNode = FALSE
	EndGlobalSection
	GlobalSection(ExtensibilityGlobals) = postSolution
		SolutionGuid = {6DF12161-7B21-4005-8B2E-D1A7E825A955}
	EndGlobalSection
EndGlobal
